
Microsoft Visual Studio Solution File, Format Version 12.00
Project("{FAE04EC0-301F-11D3-BF4B-00C04F79EFBC}") = "LikeA7", "LikeA7.csproj", "{FAC4B0AC-B762-49D2-AFB3-A591382D3F7F}"
EndProject
Global
	GlobalSection(SolutionConfigurationPlatforms) = preSolution
		Debug|Any CPU = Debug|Any CPU
		Release|Any CPU = Release|Any CPU
	EndGlobalSection
	GlobalSection(ProjectConfigurationPlatforms) = postSolution
		{FAC4B0AC-B762-49D2-AFB3-A591382D3F7F}.Debug|Any CPU.ActiveCfg = Debug|Any CPU
		{FAC4B0AC-B762-49D2-AFB3-A591382D3F7F}.Debug|Any CPU.Build.0 = Debug|Any CPU
		{FAC4B0AC-B762-49D2-AFB3-A591382D3F7F}.Release|Any CPU.ActiveCfg = Release|Any CPU
		{FAC4B0AC-B762-49D2-AFB3-A591382D3F7F}.Release|Any CPU.Build.0 = Release|Any CPU
	EndGlobalSection
EndGlobal
